
Microsoft Visual Studio Solution File, Format Version 12.00
# Visual Studio Version 16
VisualStudioVersion = 16.0.29326.143
MinimumVisualStudioVersion = 10.0.40219.1
Project("{FAE04EC0-301F-11D3-BF4B-00C04F79EFBC}") = "BitOfTechnology", "BitOfTechnology\BitOfTechnology.csproj", "{671DB123-01D3-487A-8795-4EBC902E0092}"
EndProject
Project("{FAE04EC0-301F-11D3-BF4B-00C04F79EFBC}") = "LWT.Authentication", "LWT.Authentication\LWT.Authentication.csproj", "{075AD4D0-EA7B-4148-9745-E5FEAF979D57}"
EndProject
Global
	GlobalSection(SolutionConfigurationPlatforms) = preSolution
		Debug|Any CPU = Debug|Any CPU
		Release|Any CPU = Release|Any CPU
	EndGlobalSection
	GlobalSection(ProjectConfigurationPlatforms) = postSolution
		{671DB123-01D3-487A-8795-4EBC902E0092}.Debug|Any CPU.ActiveCfg = Debug|Any CPU
		{671DB123-01D3-487A-8795-4EBC902E0092}.Debug|Any CPU.Build.0 = Debug|Any CPU
		{671DB123-01D3-487A-8795-4EBC902E0092}.Release|Any CPU.ActiveCfg = Release|Any CPU
		{671DB123-01D3-487A-8795-4EBC902E0092}.Release|Any CPU.Build.0 = Release|Any CPU
		{075AD4D0-EA7B-4148-9745-E5FEAF979D57}.Debug|Any CPU.ActiveCfg = Debug|Any CPU
		{075AD4D0-EA7B-4148-9745-E5FEAF979D57}.Debug|Any CPU.Build.0 = Debug|Any CPU
		{075AD4D0-EA7B-4148-9745-E5FEAF979D57}.Release|Any CPU.ActiveCfg = Release|Any CPU
		{075AD4D0-EA7B-4148-9745-E5FEAF979D57}.Release|Any CPU.Build.0 = Release|Any CPU
	EndGlobalSection
	GlobalSection(SolutionProperties) = preSolution
		HideSolutionNode = FALSE
	EndGlobalSection
	GlobalSection(ExtensibilityGlobals) = postSolution
		SolutionGuid = {A30BB676-BB7E-4E22-9E7D-E34410E3DC57}
	EndGlobalSection
EndGlobal
